
Microsoft Visual Studio Solution File, Format Version 12.00
# Visual Studio 14
VisualStudioVersion = 14.0.24720.0
MinimumVisualStudioVersion = 10.0.40219.1
Project("{FAE04EC0-301F-11D3-BF4B-00C04F79EFBC}") = "LabElement", "Lab Devices Manager\LabElement.csproj", "{AA65FED6-969E-4D6F-8AB7-DFF6BFC1331C}"
EndProject
Project("{FAE04EC0-301F-11D3-BF4B-00C04F79EFBC}") = "ExpRuntimeApp", "ExpRuntimeApp\ExpRuntimeApp.csproj", "{A4CD879A-33C5-488E-8C70-7DFFE6D59A79}"
EndProject
Project("{FAE04EC0-301F-11D3-BF4B-00C04F79EFBC}") = "LabServicesStand_alone", "LabServicesStand_alone\LabServicesStand_alone.csproj", "{A5499C18-05F5-41DB-B3FD-2AA60D691AB6}"
EndProject
Project("{FAE04EC0-301F-11D3-BF4B-00C04F79EFBC}") = "ExperimentDataExchange", "ExperimentDataExchange\ExperimentDataExchange.csproj", "{C84A8FEB-B898-4A4C-A208-5E240F1C2DB8}"
EndProject
Project("{FAE04EC0-301F-11D3-BF4B-00C04F79EFBC}") = "LabDeviceModule", "LabDeviceModule\LabDeviceModule.csproj", "{F94FDF1F-45F5-4CBD-8D9C-04C2A1AE8FEE}"
EndProject
Project("{FAE04EC0-301F-11D3-BF4B-00C04F79EFBC}") = "LabTask", "LabTask\LabTask.csproj", "{BB95FC99-EB10-4CFE-A4A4-6AE5FEF031CC}"
EndProject
Project("{FAE04EC0-301F-11D3-BF4B-00C04F79EFBC}") = "ExpException", "ExpException\ExpException.csproj", "{44BA695A-F289-488D-8DB0-36D1EC0AA191}"
EndProject
Project("{FAE04EC0-301F-11D3-BF4B-00C04F79EFBC}") = "mcLogic", "mcLogic\mcLogic.csproj", "{9AA6B9D7-B437-4E26-84C1-3E3C402ED4B8}"
EndProject
Global
	GlobalSection(SolutionConfigurationPlatforms) = preSolution
		Debug|Any CPU = Debug|Any CPU
		Release|Any CPU = Release|Any CPU
	EndGlobalSection
	GlobalSection(ProjectConfigurationPlatforms) = postSolution
		{AA65FED6-969E-4D6F-8AB7-DFF6BFC1331C}.Debug|Any CPU.ActiveCfg = Debug|Any CPU
		{AA65FED6-969E-4D6F-8AB7-DFF6BFC1331C}.Debug|Any CPU.Build.0 = Debug|Any CPU
		{AA65FED6-969E-4D6F-8AB7-DFF6BFC1331C}.Release|Any CPU.ActiveCfg = Release|Any CPU
		{AA65FED6-969E-4D6F-8AB7-DFF6BFC1331C}.Release|Any CPU.Build.0 = Release|Any CPU
		{A4CD879A-33C5-488E-8C70-7DFFE6D59A79}.Debug|Any CPU.ActiveCfg = Debug|Any CPU
		{A4CD879A-33C5-488E-8C70-7DFFE6D59A79}.Debug|Any CPU.Build.0 = Debug|Any CPU
		{A4CD879A-33C5-488E-8C70-7DFFE6D59A79}.Release|Any CPU.ActiveCfg = Release|Any CPU
		{A4CD879A-33C5-488E-8C70-7DFFE6D59A79}.Release|Any CPU.Build.0 = Release|Any CPU
		{A5499C18-05F5-41DB-B3FD-2AA60D691AB6}.Debug|Any CPU.ActiveCfg = Debug|Any CPU
		{A5499C18-05F5-41DB-B3FD-2AA60D691AB6}.Debug|Any CPU.Build.0 = Debug|Any CPU
		{A5499C18-05F5-41DB-B3FD-2AA60D691AB6}.Release|Any CPU.ActiveCfg = Release|Any CPU
		{A5499C18-05F5-41DB-B3FD-2AA60D691AB6}.Release|Any CPU.Build.0 = Release|Any CPU
		{C84A8FEB-B898-4A4C-A208-5E240F1C2DB8}.Debug|Any CPU.ActiveCfg = Debug|Any CPU
		{C84A8FEB-B898-4A4C-A208-5E240F1C2DB8}.Debug|Any CPU.Build.0 = Debug|Any CPU
		{C84A8FEB-B898-4A4C-A208-5E240F1C2DB8}.Release|Any CPU.ActiveCfg = Release|Any CPU
		{C84A8FEB-B898-4A4C-A208-5E240F1C2DB8}.Release|Any CPU.Build.0 = Release|Any CPU
		{F94FDF1F-45F5-4CBD-8D9C-04C2A1AE8FEE}.Debug|Any CPU.ActiveCfg = Debug|Any CPU
		{F94FDF1F-45F5-4CBD-8D9C-04C2A1AE8FEE}.Debug|Any CPU.Build.0 = Debug|Any CPU
		{F94FDF1F-45F5-4CBD-8D9C-04C2A1AE8FEE}.Release|Any CPU.ActiveCfg = Release|Any CPU
		{F94FDF1F-45F5-4CBD-8D9C-04C2A1AE8FEE}.Release|Any CPU.Build.0 = Release|Any CPU
		{BB95FC99-EB10-4CFE-A4A4-6AE5FEF031CC}.Debug|Any CPU.ActiveCfg = Debug|Any CPU
		{BB95FC99-EB10-4CFE-A4A4-6AE5FEF031CC}.Debug|Any CPU.Build.0 = Debug|Any CPU
		{BB95FC99-EB10-4CFE-A4A4-6AE5FEF031CC}.Release|Any CPU.ActiveCfg = Release|Any CPU
		{BB95FC99-EB10-4CFE-A4A4-6AE5FEF031CC}.Release|Any CPU.Build.0 = Release|Any CPU
		{44BA695A-F289-488D-8DB0-36D1EC0AA191}.Debug|Any CPU.ActiveCfg = Debug|Any CPU
		{44BA695A-F289-488D-8DB0-36D1EC0AA191}.Debug|Any CPU.Build.0 = Debug|Any CPU
		{44BA695A-F289-488D-8DB0-36D1EC0AA191}.Release|Any CPU.ActiveCfg = Release|Any CPU
		{44BA695A-F289-488D-8DB0-36D1EC0AA191}.Release|Any CPU.Build.0 = Release|Any CPU
		{9AA6B9D7-B437-4E26-84C1-3E3C402ED4B8}.Debug|Any CPU.ActiveCfg = Debug|Any CPU
		{9AA6B9D7-B437-4E26-84C1-3E3C402ED4B8}.Debug|Any CPU.Build.0 = Debug|Any CPU
		{9AA6B9D7-B437-4E26-84C1-3E3C402ED4B8}.Release|Any CPU.ActiveCfg = Release|Any CPU
		{9AA6B9D7-B437-4E26-84C1-3E3C402ED4B8}.Release|Any CPU.Build.0 = Release|Any CPU
	EndGlobalSection
	GlobalSection(SolutionProperties) = preSolution
		HideSolutionNode = FALSE
	EndGlobalSection
EndGlobal
